// !$*UTF8*$!
{
	archiveVersion = 1;
	classes = {
	};
	objectVersion = 50;
	objects = {

/* Begin PBXBuildFile section */
		3621407A20CC97AA001EF336 /* AppDelegate.swift in Sources */ = {isa = PBXBuildFile; fileRef = 3621407920CC97AA001EF336 /* AppDelegate.swift */; };
		3621407F20CC97AA001EF336 /* Main.storyboard in Resources */ = {isa = PBXBuildFile; fileRef = 3621407D20CC97AA001EF336 /* Main.storyboard */; };
		3621408120CC97AE001EF336 /* Assets.xcassets in Resources */ = {isa = PBXBuildFile; fileRef = 3621408020CC97AE001EF336 /* Assets.xcassets */; };
		3621408420CC97AE001EF336 /* LaunchScreen.storyboard in Resources */ = {isa = PBXBuildFile; fileRef = 3621408220CC97AE001EF336 /* LaunchScreen.storyboard */; };
		3621408C20CC9891001EF336 /* AufzugTableViewController.swift in Sources */ = {isa = PBXBuildFile; fileRef = 3621408B20CC9891001EF336 /* AufzugTableViewController.swift */; };
		3621408E20CC9F29001EF336 /* Facility.swift in Sources */ = {isa = PBXBuildFile; fileRef = 3621408D20CC9F29001EF336 /* Facility.swift */; };
		3621409020CD544F001EF336 /* FacilityDelegate.swift in Sources */ = {isa = PBXBuildFile; fileRef = 3621408F20CD544F001EF336 /* FacilityDelegate.swift */; };
		3621409220CD66D1001EF336 /* FacilityTableViewCell.swift in Sources */ = {isa = PBXBuildFile; fileRef = 3621409120CD66D1001EF336 /* FacilityTableViewCell.swift */; };
		36F194CC20D6FF0E0006E804 /* MapViewController.swift in Sources */ = {isa = PBXBuildFile; fileRef = 36F194CB20D6FF0E0006E804 /* MapViewController.swift */; };
		36FD48B120D529B1006AC9DC /* FacilityViewController.swift in Sources */ = {isa = PBXBuildFile; fileRef = 36FD48B020D529B1006AC9DC /* FacilityViewController.swift */; };
		7356991E212C05FB007D4684 /* FacilityMarkerAnnotationView.swift in Sources */ = {isa = PBXBuildFile; fileRef = 7356991D212C05FB007D4684 /* FacilityMarkerAnnotationView.swift */; };
		73A8DFF620F5F96F0094F14B /* FacilitiesRepository.swift in Sources */ = {isa = PBXBuildFile; fileRef = 73A8DFF520F5F96F0094F14B /* FacilitiesRepository.swift */; };
		73D4D37C2211BD6800604E56 /* OnboardingViewController.swift in Sources */ = {isa = PBXBuildFile; fileRef = 73D4D37B2211BD6800604E56 /* OnboardingViewController.swift */; };
/* End PBXBuildFile section */

/* Begin PBXFileReference section */
		3621407620CC97AA001EF336 /* AufzugRolltreppeDB.app */ = {isa = PBXFileReference; explicitFileType = wrapper.application; includeInIndex = 0; path = AufzugRolltreppeDB.app; sourceTree = BUILT_PRODUCTS_DIR; };
		3621407920CC97AA001EF336 /* AppDelegate.swift */ = {isa = PBXFileReference; lastKnownFileType = sourcecode.swift; path = AppDelegate.swift; sourceTree = "<group>"; };
		3621407E20CC97AA001EF336 /* Base */ = {isa = PBXFileReference; lastKnownFileType = file.storyboard; name = Base; path = Base.lproj/Main.storyboard; sourceTree = "<group>"; };
		3621408020CC97AE001EF336 /* Assets.xcassets */ = {isa = PBXFileReference; lastKnownFileType = folder.assetcatalog; path = Assets.xcassets; sourceTree = "<group>"; };
		3621408320CC97AE001EF336 /* Base */ = {isa = PBXFileReference; lastKnownFileType = file.storyboard; name = Base; path = Base.lproj/LaunchScreen.storyboard; sourceTree = "<group>"; };
		3621408520CC97AE001EF336 /* Info.plist */ = {isa = PBXFileReference; lastKnownFileType = text.plist.xml; path = Info.plist; sourceTree = "<group>"; };
		3621408B20CC9891001EF336 /* AufzugTableViewController.swift */ = {isa = PBXFileReference; lastKnownFileType = sourcecode.swift; path = AufzugTableViewController.swift; sourceTree = "<group>"; };
		3621408D20CC9F29001EF336 /* Facility.swift */ = {isa = PBXFileReference; lastKnownFileType = sourcecode.swift; path = Facility.swift; sourceTree = "<group>"; };
		3621408F20CD544F001EF336 /* FacilityDelegate.swift */ = {isa = PBXFileReference; lastKnownFileType = sourcecode.swift; path = FacilityDelegate.swift; sourceTree = "<group>"; };
		3621409120CD66D1001EF336 /* FacilityTableViewCell.swift */ = {isa = PBXFileReference; lastKnownFileType = sourcecode.swift; path = FacilityTableViewCell.swift; sourceTree = "<group>"; };
		36F194CB20D6FF0E0006E804 /* MapViewController.swift */ = {isa = PBXFileReference; lastKnownFileType = sourcecode.swift; path = MapViewController.swift; sourceTree = "<group>"; };
		36FD48B020D529B1006AC9DC /* FacilityViewController.swift */ = {isa = PBXFileReference; lastKnownFileType = sourcecode.swift; path = FacilityViewController.swift; sourceTree = "<group>"; };
		7356991D212C05FB007D4684 /* FacilityMarkerAnnotationView.swift */ = {isa = PBXFileReference; lastKnownFileType = sourcecode.swift; path = FacilityMarkerAnnotationView.swift; sourceTree = "<group>"; };
		73A8DFF520F5F96F0094F14B /* FacilitiesRepository.swift */ = {isa = PBXFileReference; lastKnownFileType = sourcecode.swift; path = FacilitiesRepository.swift; sourceTree = "<group>"; };
		73D4D37B2211BD6800604E56 /* OnboardingViewController.swift */ = {isa = PBXFileReference; lastKnownFileType = sourcecode.swift; path = OnboardingViewController.swift; sourceTree = "<group>"; };
		73F222BD2112F71B002EE2F6 /* Promises.framework */ = {isa = PBXFileReference; lastKnownFileType = wrapper.framework; name = Promises.framework; path = Carthage/Build/iOS/Promises.framework; sourceTree = "<group>"; };
		73F222C22112F74F002EE2F6 /* Promises.framework.dSYM */ = {isa = PBXFileReference; lastKnownFileType = wrapper.dsym; name = Promises.framework.dSYM; path = Carthage/Build/iOS/Promises.framework.dSYM; sourceTree = "<group>"; };
		73F222C62112F8A5002EE2F6 /* FBLPromises.framework */ = {isa = PBXFileReference; lastKnownFileType = wrapper.framework; name = FBLPromises.framework; path = Carthage/Build/iOS/FBLPromises.framework; sourceTree = "<group>"; };
/* End PBXFileReference section */

/* Begin PBXFrameworksBuildPhase section */
		3621407320CC97AA001EF336 /* Frameworks */ = {
			isa = PBXFrameworksBuildPhase;
			buildActionMask = 2147483647;
			files = (
			);
			runOnlyForDeploymentPostprocessing = 0;
		};
/* End PBXFrameworksBuildPhase section */

/* Begin PBXGroup section */
		3621406D20CC97AA001EF336 = {
			isa = PBXGroup;
			children = (
				73F222C22112F74F002EE2F6 /* Promises.framework.dSYM */,
				73F222BD2112F71B002EE2F6 /* Promises.framework */,
				3621407820CC97AA001EF336 /* AufzugRolltreppeDB */,
				3621407720CC97AA001EF336 /* Products */,
				73F222C52112F8A5002EE2F6 /* Frameworks */,
			);
			sourceTree = "<group>";
		};
		3621407720CC97AA001EF336 /* Products */ = {
			isa = PBXGroup;
			children = (
				3621407620CC97AA001EF336 /* AufzugRolltreppeDB.app */,
			);
			name = Products;
			sourceTree = "<group>";
		};
		3621407820CC97AA001EF336 /* AufzugRolltreppeDB */ = {
			isa = PBXGroup;
			children = (
				3621408B20CC9891001EF336 /* AufzugTableViewController.swift */,
				3621407920CC97AA001EF336 /* AppDelegate.swift */,
				3621407D20CC97AA001EF336 /* Main.storyboard */,
				36F194CB20D6FF0E0006E804 /* MapViewController.swift */,
				36FD48B020D529B1006AC9DC /* FacilityViewController.swift */,
				3621408020CC97AE001EF336 /* Assets.xcassets */,
				3621408220CC97AE001EF336 /* LaunchScreen.storyboard */,
				3621408520CC97AE001EF336 /* Info.plist */,
				3621408D20CC9F29001EF336 /* Facility.swift */,
				3621408F20CD544F001EF336 /* FacilityDelegate.swift */,
				3621409120CD66D1001EF336 /* FacilityTableViewCell.swift */,
				73A8DFF520F5F96F0094F14B /* FacilitiesRepository.swift */,
				7356991D212C05FB007D4684 /* FacilityMarkerAnnotationView.swift */,
				73D4D37B2211BD6800604E56 /* OnboardingViewController.swift */,
			);
			path = AufzugRolltreppeDB;
			sourceTree = "<group>";
		};
		73F222C52112F8A5002EE2F6 /* Frameworks */ = {
			isa = PBXGroup;
			children = (
				73F222C62112F8A5002EE2F6 /* FBLPromises.framework */,
			);
			name = Frameworks;
			sourceTree = "<group>";
		};
/* End PBXGroup section */

/* Begin PBXNativeTarget section */
		3621407520CC97AA001EF336 /* AufzugRolltreppeDB */ = {
			isa = PBXNativeTarget;
			buildConfigurationList = 3621408820CC97AE001EF336 /* Build configuration list for PBXNativeTarget "AufzugRolltreppeDB" */;
			buildPhases = (
				3621407220CC97AA001EF336 /* Sources */,
				3621407320CC97AA001EF336 /* Frameworks */,
				3621407420CC97AA001EF336 /* Resources */,
				73F222C42112F769002EE2F6 /* ShellScript */,
			);
			buildRules = (
			);
			dependencies = (
			);
			name = AufzugRolltreppeDB;
			productName = AufzugRolltreppeDB;
			productReference = 3621407620CC97AA001EF336 /* AufzugRolltreppeDB.app */;
			productType = "com.apple.product-type.application";
		};
/* End PBXNativeTarget section */

/* Begin PBXProject section */
		3621406E20CC97AA001EF336 /* Project object */ = {
			isa = PBXProject;
			attributes = {
				LastSwiftUpdateCheck = 0940;
				LastUpgradeCheck = 0940;
				ORGANIZATIONNAME = "Jakob Teske";
				TargetAttributes = {
					3621407520CC97AA001EF336 = {
						CreatedOnToolsVersion = 9.4;
					};
				};
			};
			buildConfigurationList = 3621407120CC97AA001EF336 /* Build configuration list for PBXProject "AufzugRolltreppeDB" */;
			compatibilityVersion = "Xcode 9.3";
			developmentRegion = en;
			hasScannedForEncodings = 0;
			knownRegions = (
				en,
				Base,
			);
			mainGroup = 3621406D20CC97AA001EF336;
			productRefGroup = 3621407720CC97AA001EF336 /* Products */;
			projectDirPath = "";
			projectRoot = "";
			targets = (
				3621407520CC97AA001EF336 /* AufzugRolltreppeDB */,
			);
		};
/* End PBXProject section */

/* Begin PBXResourcesBuildPhase section */
		3621407420CC97AA001EF336 /* Resources */ = {
			isa = PBXResourcesBuildPhase;
			buildActionMask = 2147483647;
			files = (
				3621408420CC97AE001EF336 /* LaunchScreen.storyboard in Resources */,
				3621408120CC97AE001EF336 /* Assets.xcassets in Resources */,
				3621407F20CC97AA001EF336 /* Main.storyboard in Resources */,
			);
			runOnlyForDeploymentPostprocessing = 0;
		};
/* End PBXResourcesBuildPhase section */

/* Begin PBXShellScriptBuildPhase section */
		73F222C42112F769002EE2F6 /* ShellScript */ = {
			isa = PBXShellScriptBuildPhase;
			buildActionMask = 2147483647;
			files = (
			);
			inputPaths = (
				"$(SRCROOT)/Carthage/Build/iOS/Promises.framework",
				"$(SRCROOT)/Carthage/Build/iOS/FBLPromises.framework",
			);
			outputPaths = (
				"$(BUILT_PRODUCTS_DIR)/$(FRAMEWORKS_FOLDER_PATH)/Promises.framework",
				"$(BUILT_PRODUCTS_DIR)/$(FRAMEWORKS_FOLDER_PATH)/FBLPromises.framework",
			);
			runOnlyForDeploymentPostprocessing = 0;
			shellPath = /bin/sh;
			shellScript = "/usr/local/bin/carthage copy-frameworks\n";
		};
/* End PBXShellScriptBuildPhase section */

/* Begin PBXSourcesBuildPhase section */
		3621407220CC97AA001EF336 /* Sources */ = {
			isa = PBXSourcesBuildPhase;
			buildActionMask = 2147483647;
			files = (
				3621409220CD66D1001EF336 /* FacilityTableViewCell.swift in Sources */,
				3621408C20CC9891001EF336 /* AufzugTableViewController.swift in Sources */,
				3621407A20CC97AA001EF336 /* AppDelegate.swift in Sources */,
				73A8DFF620F5F96F0094F14B /* FacilitiesRepository.swift in Sources */,
				7356991E212C05FB007D4684 /* FacilityMarkerAnnotationView.swift in Sources */,
				3621408E20CC9F29001EF336 /* Facility.swift in Sources */,
				36FD48B120D529B1006AC9DC /* FacilityViewController.swift in Sources */,
				73D4D37C2211BD6800604E56 /* OnboardingViewController.swift in Sources */,
				3621409020CD544F001EF336 /* FacilityDelegate.swift in Sources */,
				36F194CC20D6FF0E0006E804 /* MapViewController.swift in Sources */,
			);
			runOnlyForDeploymentPostprocessing = 0;
		};
/* End PBXSourcesBuildPhase section */

/* Begin PBXVariantGroup section */
		3621407D20CC97AA001EF336 /* Main.storyboard */ = {
			isa = PBXVariantGroup;
			children = (
				3621407E20CC97AA001EF336 /* Base */,
			);
			name = Main.storyboard;
			sourceTree = "<group>";
		};
		3621408220CC97AE001EF336 /* LaunchScreen.storyboard */ = {
			isa = PBXVariantGroup;
			children = (
				3621408320CC97AE001EF336 /* Base */,
			);
			name = LaunchScreen.storyboard;
			sourceTree = "<group>";
		};
/* End PBXVariantGroup section */

/* Begin XCBuildConfiguration section */
		3621408620CC97AE001EF336 /* Debug */ = {
			isa = XCBuildConfiguration;
			buildSettings = {
				ALWAYS_SEARCH_USER_PATHS = NO;
				CLANG_ANALYZER_NONNULL = YES;
				CLANG_ANALYZER_NUMBER_OBJECT_CONVERSION = YES_AGGRESSIVE;
				CLANG_CXX_LANGUAGE_STANDARD = "gnu++14";
				CLANG_CXX_LIBRARY = "libc++";
				CLANG_ENABLE_MODULES = YES;
				CLANG_ENABLE_OBJC_ARC = YES;
				CLANG_ENABLE_OBJC_WEAK = YES;
				CLANG_WARN_BLOCK_CAPTURE_AUTORELEASING = YES;
				CLANG_WARN_BOOL_CONVERSION = YES;
				CLANG_WARN_COMMA = YES;
				CLANG_WARN_CONSTANT_CONVERSION = YES;
				CLANG_WARN_DEPRECATED_OBJC_IMPLEMENTATIONS = YES;
				CLANG_WARN_DIRECT_OBJC_ISA_USAGE = YES_ERROR;
				CLANG_WARN_DOCUMENTATION_COMMENTS = YES;
				CLANG_WARN_EMPTY_BODY = YES;
				CLANG_WARN_ENUM_CONVERSION = YES;
				CLANG_WARN_INFINITE_RECURSION = YES;
				CLANG_WARN_INT_CONVERSION = YES;
				CLANG_WARN_NON_LITERAL_NULL_CONVERSION = YES;
				CLANG_WARN_OBJC_IMPLICIT_RETAIN_SELF = YES;
				CLANG_WARN_OBJC_LITERAL_CONVERSION = YES;
				CLANG_WARN_OBJC_ROOT_CLASS = YES_ERROR;
				CLANG_WARN_RANGE_LOOP_ANALYSIS = YES;
				CLANG_WARN_STRICT_PROTOTYPES = YES;
				CLANG_WARN_SUSPICIOUS_MOVE = YES;
				CLANG_WARN_UNGUARDED_AVAILABILITY = YES_AGGRESSIVE;
				CLANG_WARN_UNREACHABLE_CODE = YES;
				CLANG_WARN__DUPLICATE_METHOD_MATCH = YES;
				CODE_SIGN_IDENTITY = "iPhone Developer";
				COPY_PHASE_STRIP = NO;
				DEBUG_INFORMATION_FORMAT = dwarf;
				ENABLE_STRICT_OBJC_MSGSEND = YES;
				ENABLE_TESTABILITY = YES;
				GCC_C_LANGUAGE_STANDARD = gnu11;
				GCC_DYNAMIC_NO_PIC = NO;
				GCC_NO_COMMON_BLOCKS = YES;
				GCC_OPTIMIZATION_LEVEL = 0;
				GCC_PREPROCESSOR_DEFINITIONS = (
					"DEBUG=1",
					"$(inherited)",
				);
				GCC_WARN_64_TO_32_BIT_CONVERSION = YES;
				GCC_WARN_ABOUT_RETURN_TYPE = YES_ERROR;
				GCC_WARN_UNDECLARED_SELECTOR = YES;
				GCC_WARN_UNINITIALIZED_AUTOS = YES_AGGRESSIVE;
				GCC_WARN_UNUSED_FUNCTION = YES;
				GCC_WARN_UNUSED_VARIABLE = YES;
				IPHONEOS_DEPLOYMENT_TARGET = 11.4;
				MTL_ENABLE_DEBUG_INFO = YES;
				ONLY_ACTIVE_ARCH = YES;
				SDKROOT = iphoneos;
				SWIFT_ACTIVE_COMPILATION_CONDITIONS = DEBUG;
				SWIFT_OPTIMIZATION_LEVEL = "-Onone";
			};
			name = Debug;
		};
		3621408720CC97AE001EF336 /* Release */ = {
			isa = XCBuildConfiguration;
			buildSettings = {
				ALWAYS_SEARCH_USER_PATHS = NO;
				CLANG_ANALYZER_NONNULL = YES;
				CLANG_ANALYZER_NUMBER_OBJECT_CONVERSION = YES_AGGRESSIVE;
				CLANG_CXX_LANGUAGE_STANDARD = "gnu++14";
				CLANG_CXX_LIBRARY = "libc++";
				CLANG_ENABLE_MODULES = YES;
				CLANG_ENABLE_OBJC_ARC = YES;
				CLANG_ENABLE_OBJC_WEAK = YES;
				CLANG_WARN_BLOCK_CAPTURE_AUTORELEASING = YES;
				CLANG_WARN_BOOL_CONVERSION = YES;
				CLANG_WARN_COMMA = YES;
				CLANG_WARN_CONSTANT_CONVERSION = YES;
				CLANG_WARN_DEPRECATED_OBJC_IMPLEMENTATIONS = YES;
				CLANG_WARN_DIRECT_OBJC_ISA_USAGE = YES_ERROR;
				CLANG_WARN_DOCUMENTATION_COMMENTS = YES;
				CLANG_WARN_EMPTY_BODY = YES;
				CLANG_WARN_ENUM_CONVERSION = YES;
				CLANG_WARN_INFINITE_RECURSION = YES;
				CLANG_WARN_INT_CONVERSION = YES;
				CLANG_WARN_NON_LITERAL_NULL_CONVERSION = YES;
				CLANG_WARN_OBJC_IMPLICIT_RETAIN_SELF = YES;
				CLANG_WARN_OBJC_LITERAL_CONVERSION = YES;
				CLANG_WARN_OBJC_ROOT_CLASS = YES_ERROR;
				CLANG_WARN_RANGE_LOOP_ANALYSIS = YES;
				CLANG_WARN_STRICT_PROTOTYPES = YES;
				CLANG_WARN_SUSPICIOUS_MOVE = YES;
				CLANG_WARN_UNGUARDED_AVAILABILITY = YES_AGGRESSIVE;
				CLANG_WARN_UNREACHABLE_CODE = YES;
				CLANG_WARN__DUPLICATE_METHOD_MATCH = YES;
				CODE_SIGN_IDENTITY = "iPhone Developer";
				COPY_PHASE_STRIP = NO;
				DEBUG_INFORMATION_FORMAT = "dwarf-with-dsym";
				ENABLE_NS_ASSERTIONS = NO;
				ENABLE_STRICT_OBJC_MSGSEND = YES;
				GCC_C_LANGUAGE_STANDARD = gnu11;
				GCC_NO_COMMON_BLOCKS = YES;
				GCC_WARN_64_TO_32_BIT_CONVERSION = YES;
				GCC_WARN_ABOUT_RETURN_TYPE = YES_ERROR;
				GCC_WARN_UNDECLARED_SELECTOR = YES;
				GCC_WARN_UNINITIALIZED_AUTOS = YES_AGGRESSIVE;
				GCC_WARN_UNUSED_FUNCTION = YES;
				GCC_WARN_UNUSED_VARIABLE = YES;
				IPHONEOS_DEPLOYMENT_TARGET = 11.4;
				MTL_ENABLE_DEBUG_INFO = NO;
				SDKROOT = iphoneos;
				SWIFT_COMPILATION_MODE = wholemodule;
				SWIFT_OPTIMIZATION_LEVEL = "-O";
				VALIDATE_PRODUCT = YES;
			};
			name = Release;
		};
		3621408920CC97AE001EF336 /* Debug */ = {
			isa = XCBuildConfiguration;
			buildSettings = {
				ASSETCATALOG_COMPILER_APPICON_NAME = AppIcon;
				CODE_SIGN_STYLE = Automatic;
				DEVELOPMENT_TEAM = "";
				FRAMEWORK_SEARCH_PATHS = (
					"$(inherited)",
					"$(PROJECT_DIR)/Carthage/Build/iOS",
				);
				INFOPLIST_FILE = AufzugRolltreppeDB/Info.plist;
				LD_RUNPATH_SEARCH_PATHS = (
					"$(inherited)",
					"@executable_path/Frameworks",
				);
				PRODUCT_BUNDLE_IDENTIFIER = de.jakobteske.AufzugRolltreppeDB;
				PRODUCT_NAME = "$(TARGET_NAME)";
				SWIFT_VERSION = 4.0;
				TARGETED_DEVICE_FAMILY = "1,2";
			};
			name = Debug;
		};
		3621408A20CC97AE001EF336 /* Release */ = {
			isa = XCBuildConfiguration;
			buildSettings = {
				ASSETCATALOG_COMPILER_APPICON_NAME = AppIcon;
				CODE_SIGN_STYLE = Automatic;
				DEVELOPMENT_TEAM = "";
				FRAMEWORK_SEARCH_PATHS = (
					"$(inherited)",
					"$(PROJECT_DIR)/Carthage/Build/iOS",
				);
				INFOPLIST_FILE = AufzugRolltreppeDB/Info.plist;
				LD_RUNPATH_SEARCH_PATHS = (
					"$(inherited)",
					"@executable_path/Frameworks",
				);
				PRODUCT_BUNDLE_IDENTIFIER = de.jakobteske.AufzugRolltreppeDB;
				PRODUCT_NAME = "$(TARGET_NAME)";
				SWIFT_VERSION = 4.0;
				TARGETED_DEVICE_FAMILY = "1,2";
			};
			name = Release;
		};
/* End XCBuildConfiguration section */

/* Begin XCConfigurationList section */
		3621407120CC97AA001EF336 /* Build configuration list for PBXProject "AufzugRolltreppeDB" */ = {
			isa = XCConfigurationList;
			buildConfigurations = (
				3621408620CC97AE001EF336 /* Debug */,
				3621408720CC97AE001EF336 /* Release */,
			);
			defaultConfigurationIsVisible = 0;
			defaultConfigurationName = Release;
		};
		3621408820CC97AE001EF336 /* Build configuration list for PBXNativeTarget "AufzugRolltreppeDB" */ = {
			isa = XCConfigurationList;
			buildConfigurations = (
				3621408920CC97AE001EF336 /* Debug */,
				3621408A20CC97AE001EF336 /* Release */,
			);
			defaultConfigurationIsVisible = 0;
			defaultConfigurationName = Release;
		};
/* End XCConfigurationList section */
	};
	rootObject = 3621406E20CC97AA001EF336 /* Project object */;
}
